// !$*UTF8*$!
{
	archiveVersion = 1;
	classes = {
	};
	objectVersion = 50;
	objects = {

/* Begin PBXBuildFile section */
		D71D702E235584720004CFE4 /* AppDelegate.swift in Sources */ = {isa = PBXBuildFile; fileRef = D71D702D235584720004CFE4 /* AppDelegate.swift */; };
		D71D7030235584720004CFE4 /* SceneDelegate.swift in Sources */ = {isa = PBXBuildFile; fileRef = D71D702F235584720004CFE4 /* SceneDelegate.swift */; };
		D71D7032235584720004CFE4 /* ViewController.swift in Sources */ = {isa = PBXBuildFile; fileRef = D71D7031235584720004CFE4 /* ViewController.swift */; };
		D71D7035235584720004CFE4 /* Main.storyboard in Resources */ = {isa = PBXBuildFile; fileRef = D71D7033235584720004CFE4 /* Main.storyboard */; };
		D71D7037235584740004CFE4 /* Assets.xcassets in Resources */ = {isa = PBXBuildFile; fileRef = D71D7036235584740004CFE4 /* Assets.xcassets */; };
		D71D703A235584740004CFE4 /* LaunchScreen.storyboard in Resources */ = {isa = PBXBuildFile; fileRef = D71D7038235584740004CFE4 /* LaunchScreen.storyboard */; };
		D71D7045235584740004CFE4 /* FxpalBrowserUITests.swift in Sources */ = {isa = PBXBuildFile; fileRef = D71D7044235584740004CFE4 /* FxpalBrowserUITests.swift */; };
		D7F3D02D235793F200CFF9F7 /* TableViewController.swift in Sources */ = {isa = PBXBuildFile; fileRef = D7F3D02C235793F200CFF9F7 /* TableViewController.swift */; };
/* End PBXBuildFile section */

/* Begin PBXContainerItemProxy section */
		D71D7041235584740004CFE4 /* PBXContainerItemProxy */ = {
			isa = PBXContainerItemProxy;
			containerPortal = D71D7022235584720004CFE4 /* Project object */;
			proxyType = 1;
			remoteGlobalIDString = D71D7029235584720004CFE4;
			remoteInfo = FxpalBrowser;
		};
/* End PBXContainerItemProxy section */

/* Begin PBXFileReference section */
		D71D702A235584720004CFE4 /* FxpalBrowser.app */ = {isa = PBXFileReference; explicitFileType = wrapper.application; includeInIndex = 0; path = FxpalBrowser.app; sourceTree = BUILT_PRODUCTS_DIR; };
		D71D702D235584720004CFE4 /* AppDelegate.swift */ = {isa = PBXFileReference; lastKnownFileType = sourcecode.swift; path = AppDelegate.swift; sourceTree = "<group>"; };
		D71D702F235584720004CFE4 /* SceneDelegate.swift */ = {isa = PBXFileReference; lastKnownFileType = sourcecode.swift; path = SceneDelegate.swift; sourceTree = "<group>"; };
		D71D7031235584720004CFE4 /* ViewController.swift */ = {isa = PBXFileReference; lastKnownFileType = sourcecode.swift; path = ViewController.swift; sourceTree = "<group>"; };
		D71D7034235584720004CFE4 /* Base */ = {isa = PBXFileReference; lastKnownFileType = file.storyboard; name = Base; path = Base.lproj/Main.storyboard; sourceTree = "<group>"; };
		D71D7036235584740004CFE4 /* Assets.xcassets */ = {isa = PBXFileReference; lastKnownFileType = folder.assetcatalog; path = Assets.xcassets; sourceTree = "<group>"; };
		D71D7039235584740004CFE4 /* Base */ = {isa = PBXFileReference; lastKnownFileType = file.storyboard; name = Base; path = Base.lproj/LaunchScreen.storyboard; sourceTree = "<group>"; };
		D71D703B235584740004CFE4 /* Info.plist */ = {isa = PBXFileReference; lastKnownFileType = text.plist.xml; path = Info.plist; sourceTree = "<group>"; };
		D71D7040235584740004CFE4 /* FxpalBrowserUITests.xctest */ = {isa = PBXFileReference; explicitFileType = wrapper.cfbundle; includeInIndex = 0; path = FxpalBrowserUITests.xctest; sourceTree = BUILT_PRODUCTS_DIR; };
		D71D7044235584740004CFE4 /* FxpalBrowserUITests.swift */ = {isa = PBXFileReference; lastKnownFileType = sourcecode.swift; path = FxpalBrowserUITests.swift; sourceTree = "<group>"; };
		D71D7046235584740004CFE4 /* Info.plist */ = {isa = PBXFileReference; lastKnownFileType = text.plist.xml; path = Info.plist; sourceTree = "<group>"; };
		D71D704F23558DD20004CFE4 /* playground.playground */ = {isa = PBXFileReference; lastKnownFileType = file.playground; path = playground.playground; sourceTree = "<group>"; xcLanguageSpecificationIdentifier = xcode.lang.swift; };
		D7F3D02C235793F200CFF9F7 /* TableViewController.swift */ = {isa = PBXFileReference; lastKnownFileType = sourcecode.swift; path = TableViewController.swift; sourceTree = "<group>"; };
/* End PBXFileReference section */

/* Begin PBXFrameworksBuildPhase section */
		D71D7027235584720004CFE4 /* Frameworks */ = {
			isa = PBXFrameworksBuildPhase;
			buildActionMask = 2147483647;
			files = (
			);
			runOnlyForDeploymentPostprocessing = 0;
		};
		D71D703D235584740004CFE4 /* Frameworks */ = {
			isa = PBXFrameworksBuildPhase;
			buildActionMask = 2147483647;
			files = (
			);
			runOnlyForDeploymentPostprocessing = 0;
		};
/* End PBXFrameworksBuildPhase section */

/* Begin PBXGroup section */
		D71D7021235584720004CFE4 = {
			isa = PBXGroup;
			children = (
				D71D702C235584720004CFE4 /* FxpalBrowser */,
				D71D7043235584740004CFE4 /* FxpalBrowserUITests */,
				D71D702B235584720004CFE4 /* Products */,
			);
			sourceTree = "<group>";
		};
		D71D702B235584720004CFE4 /* Products */ = {
			isa = PBXGroup;
			children = (
				D71D702A235584720004CFE4 /* FxpalBrowser.app */,
				D71D7040235584740004CFE4 /* FxpalBrowserUITests.xctest */,
			);
			name = Products;
			sourceTree = "<group>";
		};
		D71D702C235584720004CFE4 /* FxpalBrowser */ = {
			isa = PBXGroup;
			children = (
				D71D704F23558DD20004CFE4 /* playground.playground */,
				D71D702D235584720004CFE4 /* AppDelegate.swift */,
				D71D702F235584720004CFE4 /* SceneDelegate.swift */,
				D71D7031235584720004CFE4 /* ViewController.swift */,
				D71D7033235584720004CFE4 /* Main.storyboard */,
				D71D7036235584740004CFE4 /* Assets.xcassets */,
				D71D7038235584740004CFE4 /* LaunchScreen.storyboard */,
				D71D703B235584740004CFE4 /* Info.plist */,
				D7F3D02C235793F200CFF9F7 /* TableViewController.swift */,
			);
			path = FxpalBrowser;
			sourceTree = "<group>";
		};
		D71D7043235584740004CFE4 /* FxpalBrowserUITests */ = {
			isa = PBXGroup;
			children = (
				D71D7044235584740004CFE4 /* FxpalBrowserUITests.swift */,
				D71D7046235584740004CFE4 /* Info.plist */,
			);
			path = FxpalBrowserUITests;
			sourceTree = "<group>";
		};
/* End PBXGroup section */

/* Begin PBXNativeTarget section */
		D71D7029235584720004CFE4 /* FxpalBrowser */ = {
			isa = PBXNativeTarget;
			buildConfigurationList = D71D7049235584740004CFE4 /* Build configuration list for PBXNativeTarget "FxpalBrowser" */;
			buildPhases = (
				D71D7026235584720004CFE4 /* Sources */,
				D71D7027235584720004CFE4 /* Frameworks */,
				D71D7028235584720004CFE4 /* Resources */,
			);
			buildRules = (
			);
			dependencies = (
			);
			name = FxpalBrowser;
			productName = FxpalBrowser;
			productReference = D71D702A235584720004CFE4 /* FxpalBrowser.app */;
			productType = "com.apple.product-type.application";
		};
		D71D703F235584740004CFE4 /* FxpalBrowserUITests */ = {
			isa = PBXNativeTarget;
			buildConfigurationList = D71D704C235584740004CFE4 /* Build configuration list for PBXNativeTarget "FxpalBrowserUITests" */;
			buildPhases = (
				D71D703C235584740004CFE4 /* Sources */,
				D71D703D235584740004CFE4 /* Frameworks */,
				D71D703E235584740004CFE4 /* Resources */,
			);
			buildRules = (
			);
			dependencies = (
				D71D7042235584740004CFE4 /* PBXTargetDependency */,
			);
			name = FxpalBrowserUITests;
			productName = FxpalBrowserUITests;
			productReference = D71D7040235584740004CFE4 /* FxpalBrowserUITests.xctest */;
			productType = "com.apple.product-type.bundle.ui-testing";
		};
/* End PBXNativeTarget section */

/* Begin PBXProject section */
		D71D7022235584720004CFE4 /* Project object */ = {
			isa = PBXProject;
			attributes = {
				LastSwiftUpdateCheck = 1100;
				LastUpgradeCheck = 1100;
				ORGANIZATIONNAME = "White Tea LLC";
				TargetAttributes = {
					D71D7029235584720004CFE4 = {
						CreatedOnToolsVersion = 11.0;
					};
					D71D703F235584740004CFE4 = {
						CreatedOnToolsVersion = 11.0;
						TestTargetID = D71D7029235584720004CFE4;
					};
				};
			};
			buildConfigurationList = D71D7025235584720004CFE4 /* Build configuration list for PBXProject "FxpalBrowser" */;
			compatibilityVersion = "Xcode 9.3";
			developmentRegion = en;
			hasScannedForEncodings = 0;
			knownRegions = (
				en,
				Base,
			);
			mainGroup = D71D7021235584720004CFE4;
			productRefGroup = D71D702B235584720004CFE4 /* Products */;
			projectDirPath = "";
			projectRoot = "";
			targets = (
				D71D7029235584720004CFE4 /* FxpalBrowser */,
				D71D703F235584740004CFE4 /* FxpalBrowserUITests */,
			);
		};
/* End PBXProject section */

/* Begin PBXResourcesBuildPhase section */
		D71D7028235584720004CFE4 /* Resources */ = {
			isa = PBXResourcesBuildPhase;
			buildActionMask = 2147483647;
			files = (
				D71D703A235584740004CFE4 /* LaunchScreen.storyboard in Resources */,
				D71D7037235584740004CFE4 /* Assets.xcassets in Resources */,
				D71D7035235584720004CFE4 /* Main.storyboard in Resources */,
			);
			runOnlyForDeploymentPostprocessing = 0;
		};
		D71D703E235584740004CFE4 /* Resources */ = {
			isa = PBXResourcesBuildPhase;
			buildActionMask = 2147483647;
			files = (
			);
			runOnlyForDeploymentPostprocessing = 0;
		};
/* End PBXResourcesBuildPhase section */

/* Begin PBXSourcesBuildPhase section */
		D71D7026235584720004CFE4 /* Sources */ = {
			isa = PBXSourcesBuildPhase;
			buildActionMask = 2147483647;
			files = (
				D71D7032235584720004CFE4 /* ViewController.swift in Sources */,
				D71D702E235584720004CFE4 /* AppDelegate.swift in Sources */,
				D71D7030235584720004CFE4 /* SceneDelegate.swift in Sources */,
				D7F3D02D235793F200CFF9F7 /* TableViewController.swift in Sources */,
			);
			runOnlyForDeploymentPostprocessing = 0;
		};
		D71D703C235584740004CFE4 /* Sources */ = {
			isa = PBXSourcesBuildPhase;
			buildActionMask = 2147483647;
			files = (
				D71D7045235584740004CFE4 /* FxpalBrowserUITests.swift in Sources */,
			);
			runOnlyForDeploymentPostprocessing = 0;
		};
/* End PBXSourcesBuildPhase section */

/* Begin PBXTargetDependency section */
		D71D7042235584740004CFE4 /* PBXTargetDependency */ = {
			isa = PBXTargetDependency;
			target = D71D7029235584720004CFE4 /* FxpalBrowser */;
			targetProxy = D71D7041235584740004CFE4 /* PBXContainerItemProxy */;
		};
/* End PBXTargetDependency section */

/* Begin PBXVariantGroup section */
		D71D7033235584720004CFE4 /* Main.storyboard */ = {
			isa = PBXVariantGroup;
			children = (
				D71D7034235584720004CFE4 /* Base */,
			);
			name = Main.storyboard;
			sourceTree = "<group>";
		};
		D71D7038235584740004CFE4 /* LaunchScreen.storyboard */ = {
			isa = PBXVariantGroup;
			children = (
				D71D7039235584740004CFE4 /* Base */,
			);
			name = LaunchScreen.storyboard;
			sourceTree = "<group>";
		};
/* End PBXVariantGroup section */

/* Begin XCBuildConfiguration section */
		D71D7047235584740004CFE4 /* Debug */ = {
			isa = XCBuildConfiguration;
			buildSettings = {
				ALWAYS_SEARCH_USER_PATHS = NO;
				CLANG_ANALYZER_NONNULL = YES;
				CLANG_ANALYZER_NUMBER_OBJECT_CONVERSION = YES_AGGRESSIVE;
				CLANG_CXX_LANGUAGE_STANDARD = "gnu++14";
				CLANG_CXX_LIBRARY = "libc++";
				CLANG_ENABLE_MODULES = YES;
				CLANG_ENABLE_OBJC_ARC = YES;
				CLANG_ENABLE_OBJC_WEAK = YES;
				CLANG_WARN_BLOCK_CAPTURE_AUTORELEASING = YES;
				CLANG_WARN_BOOL_CONVERSION = YES;
				CLANG_WARN_COMMA = YES;
				CLANG_WARN_CONSTANT_CONVERSION = YES;
				CLANG_WARN_DEPRECATED_OBJC_IMPLEMENTATIONS = YES;
				CLANG_WARN_DIRECT_OBJC_ISA_USAGE = YES_ERROR;
				CLANG_WARN_DOCUMENTATION_COMMENTS = YES;
				CLANG_WARN_EMPTY_BODY = YES;
				CLANG_WARN_ENUM_CONVERSION = YES;
				CLANG_WARN_INFINITE_RECURSION = YES;
				CLANG_WARN_INT_CONVERSION = YES;
				CLANG_WARN_NON_LITERAL_NULL_CONVERSION = YES;
				CLANG_WARN_OBJC_IMPLICIT_RETAIN_SELF = YES;
				CLANG_WARN_OBJC_LITERAL_CONVERSION = YES;
				CLANG_WARN_OBJC_ROOT_CLASS = YES_ERROR;
				CLANG_WARN_RANGE_LOOP_ANALYSIS = YES;
				CLANG_WARN_STRICT_PROTOTYPES = YES;
				CLANG_WARN_SUSPICIOUS_MOVE = YES;
				CLANG_WARN_UNGUARDED_AVAILABILITY = YES_AGGRESSIVE;
				CLANG_WARN_UNREACHABLE_CODE = YES;
				CLANG_WARN__DUPLICATE_METHOD_MATCH = YES;
				COPY_PHASE_STRIP = NO;
				DEBUG_INFORMATION_FORMAT = dwarf;
				ENABLE_STRICT_OBJC_MSGSEND = YES;
				ENABLE_TESTABILITY = YES;
				GCC_C_LANGUAGE_STANDARD = gnu11;
				GCC_DYNAMIC_NO_PIC = NO;
				GCC_NO_COMMON_BLOCKS = YES;
				GCC_OPTIMIZATION_LEVEL = 0;
				GCC_PREPROCESSOR_DEFINITIONS = (
					"DEBUG=1",
					"$(inherited)",
				);
				GCC_WARN_64_TO_32_BIT_CONVERSION = YES;
				GCC_WARN_ABOUT_RETURN_TYPE = YES_ERROR;
				GCC_WARN_UNDECLARED_SELECTOR = YES;
				GCC_WARN_UNINITIALIZED_AUTOS = YES_AGGRESSIVE;
				GCC_WARN_UNUSED_FUNCTION = YES;
				GCC_WARN_UNUSED_VARIABLE = YES;
				IPHONEOS_DEPLOYMENT_TARGET = 13.0;
				MTL_ENABLE_DEBUG_INFO = INCLUDE_SOURCE;
				MTL_FAST_MATH = YES;
				ONLY_ACTIVE_ARCH = YES;
				SDKROOT = iphoneos;
				SWIFT_ACTIVE_COMPILATION_CONDITIONS = DEBUG;
				SWIFT_OPTIMIZATION_LEVEL = "-Onone";
			};
			name = Debug;
		};
		D71D7048235584740004CFE4 /* Release */ = {
			isa = XCBuildConfiguration;
			buildSettings = {
				ALWAYS_SEARCH_USER_PATHS = NO;
				CLANG_ANALYZER_NONNULL = YES;
				CLANG_ANALYZER_NUMBER_OBJECT_CONVERSION = YES_AGGRESSIVE;
				CLANG_CXX_LANGUAGE_STANDARD = "gnu++14";
				CLANG_CXX_LIBRARY = "libc++";
				CLANG_ENABLE_MODULES = YES;
				CLANG_ENABLE_OBJC_ARC = YES;
				CLANG_ENABLE_OBJC_WEAK = YES;
				CLANG_WARN_BLOCK_CAPTURE_AUTORELEASING = YES;
				CLANG_WARN_BOOL_CONVERSION = YES;
				CLANG_WARN_COMMA = YES;
				CLANG_WARN_CONSTANT_CONVERSION = YES;
				CLANG_WARN_DEPRECATED_OBJC_IMPLEMENTATIONS = YES;
				CLANG_WARN_DIRECT_OBJC_ISA_USAGE = YES_ERROR;
				CLANG_WARN_DOCUMENTATION_COMMENTS = YES;
				CLANG_WARN_EMPTY_BODY = YES;
				CLANG_WARN_ENUM_CONVERSION = YES;
				CLANG_WARN_INFINITE_RECURSION = YES;
				CLANG_WARN_INT_CONVERSION = YES;
				CLANG_WARN_NON_LITERAL_NULL_CONVERSION = YES;
				CLANG_WARN_OBJC_IMPLICIT_RETAIN_SELF = YES;
				CLANG_WARN_OBJC_LITERAL_CONVERSION = YES;
				CLANG_WARN_OBJC_ROOT_CLASS = YES_ERROR;
				CLANG_WARN_RANGE_LOOP_ANALYSIS = YES;
				CLANG_WARN_STRICT_PROTOTYPES = YES;
				CLANG_WARN_SUSPICIOUS_MOVE = YES;
				CLANG_WARN_UNGUARDED_AVAILABILITY = YES_AGGRESSIVE;
				CLANG_WARN_UNREACHABLE_CODE = YES;
				CLANG_WARN__DUPLICATE_METHOD_MATCH = YES;
				COPY_PHASE_STRIP = NO;
				DEBUG_INFORMATION_FORMAT = "dwarf-with-dsym";
				ENABLE_NS_ASSERTIONS = NO;
				ENABLE_STRICT_OBJC_MSGSEND = YES;
				GCC_C_LANGUAGE_STANDARD = gnu11;
				GCC_NO_COMMON_BLOCKS = YES;
				GCC_WARN_64_TO_32_BIT_CONVERSION = YES;
				GCC_WARN_ABOUT_RETURN_TYPE = YES_ERROR;
				GCC_WARN_UNDECLARED_SELECTOR = YES;
				GCC_WARN_UNINITIALIZED_AUTOS = YES_AGGRESSIVE;
				GCC_WARN_UNUSED_FUNCTION = YES;
				GCC_WARN_UNUSED_VARIABLE = YES;
				IPHONEOS_DEPLOYMENT_TARGET = 13.0;
				MTL_ENABLE_DEBUG_INFO = NO;
				MTL_FAST_MATH = YES;
				SDKROOT = iphoneos;
				SWIFT_COMPILATION_MODE = wholemodule;
				SWIFT_OPTIMIZATION_LEVEL = "-O";
				VALIDATE_PRODUCT = YES;
			};
			name = Release;
		};
		D71D704A235584740004CFE4 /* Debug */ = {
			isa = XCBuildConfiguration;
			buildSettings = {
				ASSETCATALOG_COMPILER_APPICON_NAME = AppIcon;
				CODE_SIGN_STYLE = Automatic;
				DEVELOPMENT_TEAM = X5Q68DV875;
				INFOPLIST_FILE = FxpalBrowser/Info.plist;
				LD_RUNPATH_SEARCH_PATHS = (
					"$(inherited)",
					"@executable_path/Frameworks",
				);
				PRODUCT_BUNDLE_IDENTIFIER = com.fxpal.FxpalBrowser;
				PRODUCT_NAME = "$(TARGET_NAME)";
				SWIFT_VERSION = 5.0;
				TARGETED_DEVICE_FAMILY = "1,2";
			};
			name = Debug;
		};
		D71D704B235584740004CFE4 /* Release */ = {
			isa = XCBuildConfiguration;
			buildSettings = {
				ASSETCATALOG_COMPILER_APPICON_NAME = AppIcon;
				CODE_SIGN_STYLE = Automatic;
				DEVELOPMENT_TEAM = X5Q68DV875;
				INFOPLIST_FILE = FxpalBrowser/Info.plist;
				LD_RUNPATH_SEARCH_PATHS = (
					"$(inherited)",
					"@executable_path/Frameworks",
				);
				PRODUCT_BUNDLE_IDENTIFIER = com.fxpal.FxpalBrowser;
				PRODUCT_NAME = "$(TARGET_NAME)";
				SWIFT_VERSION = 5.0;
				TARGETED_DEVICE_FAMILY = "1,2";
			};
			name = Release;
		};
		D71D704D235584740004CFE4 /* Debug */ = {
			isa = XCBuildConfiguration;
			buildSettings = {
				ALWAYS_EMBED_SWIFT_STANDARD_LIBRARIES = YES;
				CODE_SIGN_STYLE = Automatic;
				DEVELOPMENT_TEAM = X5Q68DV875;
				INFOPLIST_FILE = FxpalBrowserUITests/Info.plist;
				LD_RUNPATH_SEARCH_PATHS = (
					"$(inherited)",
					"@executable_path/Frameworks",
					"@loader_path/Frameworks",
				);
				PRODUCT_BUNDLE_IDENTIFIER = com.yulius.FxpalBrowserUITests;
				PRODUCT_NAME = "$(TARGET_NAME)";
				SWIFT_VERSION = 5.0;
				TARGETED_DEVICE_FAMILY = "1,2";
				TEST_TARGET_NAME = FxpalBrowser;
			};
			name = Debug;
		};
		D71D704E235584740004CFE4 /* Release */ = {
			isa = XCBuildConfiguration;
			buildSettings = {
				ALWAYS_EMBED_SWIFT_STANDARD_LIBRARIES = YES;
				CODE_SIGN_STYLE = Automatic;
				DEVELOPMENT_TEAM = X5Q68DV875;
				INFOPLIST_FILE = FxpalBrowserUITests/Info.plist;
				LD_RUNPATH_SEARCH_PATHS = (
					"$(inherited)",
					"@executable_path/Frameworks",
					"@loader_path/Frameworks",
				);
				PRODUCT_BUNDLE_IDENTIFIER = com.yulius.FxpalBrowserUITests;
				PRODUCT_NAME = "$(TARGET_NAME)";
				SWIFT_VERSION = 5.0;
				TARGETED_DEVICE_FAMILY = "1,2";
				TEST_TARGET_NAME = FxpalBrowser;
			};
			name = Release;
		};
/* End XCBuildConfiguration section */

/* Begin XCConfigurationList section */
		D71D7025235584720004CFE4 /* Build configuration list for PBXProject "FxpalBrowser" */ = {
			isa = XCConfigurationList;
			buildConfigurations = (
				D71D7047235584740004CFE4 /* Debug */,
				D71D7048235584740004CFE4 /* Release */,
			);
			defaultConfigurationIsVisible = 0;
			defaultConfigurationName = Release;
		};
		D71D7049235584740004CFE4 /* Build configuration list for PBXNativeTarget "FxpalBrowser" */ = {
			isa = XCConfigurationList;
			buildConfigurations = (
				D71D704A235584740004CFE4 /* Debug */,
				D71D704B235584740004CFE4 /* Release */,
			);
			defaultConfigurationIsVisible = 0;
			defaultConfigurationName = Release;
		};
		D71D704C235584740004CFE4 /* Build configuration list for PBXNativeTarget "FxpalBrowserUITests" */ = {
			isa = XCConfigurationList;
			buildConfigurations = (
				D71D704D235584740004CFE4 /* Debug */,
				D71D704E235584740004CFE4 /* Release */,
			);
			defaultConfigurationIsVisible = 0;
			defaultConfigurationName = Release;
		};
/* End XCConfigurationList section */
	};
	rootObject = D71D7022235584720004CFE4 /* Project object */;
}
